
Microsoft Visual Studio Solution File, Format Version 12.00
# Visual Studio Version 17
VisualStudioVersion = 17.11.35327.3
MinimumVisualStudioVersion = 10.0.40219.1
Project("{FAE04EC0-301F-11D3-BF4B-00C04F79EFBC}") = "01_MainSubjects", "01_MainSubjects\01_MainSubjects.csproj", "{B22F3255-D387-48B9-9725-3DA895BDDF51}"
EndProject
Project("{FAE04EC0-301F-11D3-BF4B-00C04F79EFBC}") = "02_Variables", "02_Variables\02_Variables.csproj", "{FE2311EE-8960-464F-93F7-48DA48F037F0}"
EndProject
Project("{FAE04EC0-301F-11D3-BF4B-00C04F79EFBC}") = "03_MakingDecision", "03_MakingDecision\03_MakingDecision.csproj", "{61A7A6D1-B7C6-4EAA-ABC1-CA1AD03FEA40}"
EndProject
Project("{FAE04EC0-301F-11D3-BF4B-00C04F79EFBC}") = "04_Loops", "04_Loops\04_Loops.csproj", "{757DC197-E641-4E40-8091-C98EA2E70199}"
EndProject
Project("{FAE04EC0-301F-11D3-BF4B-00C04F79EFBC}") = "05_LoopsWithStars", "05_LoopsWithStars\05_LoopsWithStars.csproj", "{40E6FFF6-2184-4CFB-8010-FF05B9D470C1}"
EndProject
Project("{FAE04EC0-301F-11D3-BF4B-00C04F79EFBC}") = "06_Arrays", "06_Arrays\06_Arrays.csproj", "{46A90033-20D2-497F-B82F-FCE63F7C9E57}"
EndProject
Project("{FAE04EC0-301F-11D3-BF4B-00C04F79EFBC}") = "07_ForeachLoop", "07_ForeachLoop\07_ForeachLoop.csproj", "{6E76314F-CEF1-4026-A144-883786391AD3}"
EndProject
Project("{FAE04EC0-301F-11D3-BF4B-00C04F79EFBC}") = "08_Methods", "08_Methods\08_Methods.csproj", "{C6D52E3E-965B-4988-A381-96049348F876}"
EndProject
Project("{FAE04EC0-301F-11D3-BF4B-00C04F79EFBC}") = "09_DatabaseProject", "09_DatabaseProject\09_DatabaseProject.csproj", "{68EBA139-95BB-4EDB-9EA3-57DF6264A3E5}"
EndProject
Project("{FAE04EC0-301F-11D3-BF4B-00C04F79EFBC}") = "10_DatabaseCrud", "10_DatabaseCrud\10_DatabaseCrud.csproj", "{48E8C98F-EA60-429F-8C76-79F5C7E49B51}"
EndProject
Global
	GlobalSection(SolutionConfigurationPlatforms) = preSolution
		Debug|Any CPU = Debug|Any CPU
		Release|Any CPU = Release|Any CPU
	EndGlobalSection
	GlobalSection(ProjectConfigurationPlatforms) = postSolution
		{B22F3255-D387-48B9-9725-3DA895BDDF51}.Debug|Any CPU.ActiveCfg = Debug|Any CPU
		{B22F3255-D387-48B9-9725-3DA895BDDF51}.Debug|Any CPU.Build.0 = Debug|Any CPU
		{B22F3255-D387-48B9-9725-3DA895BDDF51}.Release|Any CPU.ActiveCfg = Release|Any CPU
		{B22F3255-D387-48B9-9725-3DA895BDDF51}.Release|Any CPU.Build.0 = Release|Any CPU
		{FE2311EE-8960-464F-93F7-48DA48F037F0}.Debug|Any CPU.ActiveCfg = Debug|Any CPU
		{FE2311EE-8960-464F-93F7-48DA48F037F0}.Debug|Any CPU.Build.0 = Debug|Any CPU
		{FE2311EE-8960-464F-93F7-48DA48F037F0}.Release|Any CPU.ActiveCfg = Release|Any CPU
		{FE2311EE-8960-464F-93F7-48DA48F037F0}.Release|Any CPU.Build.0 = Release|Any CPU
		{61A7A6D1-B7C6-4EAA-ABC1-CA1AD03FEA40}.Debug|Any CPU.ActiveCfg = Debug|Any CPU
		{61A7A6D1-B7C6-4EAA-ABC1-CA1AD03FEA40}.Debug|Any CPU.Build.0 = Debug|Any CPU
		{61A7A6D1-B7C6-4EAA-ABC1-CA1AD03FEA40}.Release|Any CPU.ActiveCfg = Release|Any CPU
		{61A7A6D1-B7C6-4EAA-ABC1-CA1AD03FEA40}.Release|Any CPU.Build.0 = Release|Any CPU
		{757DC197-E641-4E40-8091-C98EA2E70199}.Debug|Any CPU.ActiveCfg = Debug|Any CPU
		{757DC197-E641-4E40-8091-C98EA2E70199}.Debug|Any CPU.Build.0 = Debug|Any CPU
		{757DC197-E641-4E40-8091-C98EA2E70199}.Release|Any CPU.ActiveCfg = Release|Any CPU
		{757DC197-E641-4E40-8091-C98EA2E70199}.Release|Any CPU.Build.0 = Release|Any CPU
		{40E6FFF6-2184-4CFB-8010-FF05B9D470C1}.Debug|Any CPU.ActiveCfg = Debug|Any CPU
		{40E6FFF6-2184-4CFB-8010-FF05B9D470C1}.Debug|Any CPU.Build.0 = Debug|Any CPU
		{40E6FFF6-2184-4CFB-8010-FF05B9D470C1}.Release|Any CPU.ActiveCfg = Release|Any CPU
		{40E6FFF6-2184-4CFB-8010-FF05B9D470C1}.Release|Any CPU.Build.0 = Release|Any CPU
		{46A90033-20D2-497F-B82F-FCE63F7C9E57}.Debug|Any CPU.ActiveCfg = Debug|Any CPU
		{46A90033-20D2-497F-B82F-FCE63F7C9E57}.Debug|Any CPU.Build.0 = Debug|Any CPU
		{46A90033-20D2-497F-B82F-FCE63F7C9E57}.Release|Any CPU.ActiveCfg = Release|Any CPU
		{46A90033-20D2-497F-B82F-FCE63F7C9E57}.Release|Any CPU.Build.0 = Release|Any CPU
		{6E76314F-CEF1-4026-A144-883786391AD3}.Debug|Any CPU.ActiveCfg = Debug|Any CPU
		{6E76314F-CEF1-4026-A144-883786391AD3}.Debug|Any CPU.Build.0 = Debug|Any CPU
		{6E76314F-CEF1-4026-A144-883786391AD3}.Release|Any CPU.ActiveCfg = Release|Any CPU
		{6E76314F-CEF1-4026-A144-883786391AD3}.Release|Any CPU.Build.0 = Release|Any CPU
		{C6D52E3E-965B-4988-A381-96049348F876}.Debug|Any CPU.ActiveCfg = Debug|Any CPU
		{C6D52E3E-965B-4988-A381-96049348F876}.Debug|Any CPU.Build.0 = Debug|Any CPU
		{C6D52E3E-965B-4988-A381-96049348F876}.Release|Any CPU.ActiveCfg = Release|Any CPU
		{C6D52E3E-965B-4988-A381-96049348F876}.Release|Any CPU.Build.0 = Release|Any CPU
		{68EBA139-95BB-4EDB-9EA3-57DF6264A3E5}.Debug|Any CPU.ActiveCfg = Debug|Any CPU
		{68EBA139-95BB-4EDB-9EA3-57DF6264A3E5}.Debug|Any CPU.Build.0 = Debug|Any CPU
		{68EBA139-95BB-4EDB-9EA3-57DF6264A3E5}.Release|Any CPU.ActiveCfg = Release|Any CPU
		{68EBA139-95BB-4EDB-9EA3-57DF6264A3E5}.Release|Any CPU.Build.0 = Release|Any CPU
		{48E8C98F-EA60-429F-8C76-79F5C7E49B51}.Debug|Any CPU.ActiveCfg = Debug|Any CPU
		{48E8C98F-EA60-429F-8C76-79F5C7E49B51}.Debug|Any CPU.Build.0 = Debug|Any CPU
		{48E8C98F-EA60-429F-8C76-79F5C7E49B51}.Release|Any CPU.ActiveCfg = Release|Any CPU
		{48E8C98F-EA60-429F-8C76-79F5C7E49B51}.Release|Any CPU.Build.0 = Release|Any CPU
	EndGlobalSection
	GlobalSection(SolutionProperties) = preSolution
		HideSolutionNode = FALSE
	EndGlobalSection
	GlobalSection(ExtensibilityGlobals) = postSolution
		SolutionGuid = {13368817-6CBE-4CA9-98E2-3F560B58FB60}
	EndGlobalSection
EndGlobal
